// !$*UTF8*$!
{
	archiveVersion = 1;
	classes = {
	};
	objectVersion = 46;
	objects = {

/* Begin PBXBuildFile section */
		A709ECE71F829CF1002C3027 /* texture.cpp in Sources */ = {isa = PBXBuildFile; fileRef = A709ECE51F829CF1002C3027 /* texture.cpp */; };
		A74FDDB71F868D730025AFCF /* SDL2_ttf.framework in Frameworks */ = {isa = PBXBuildFile; fileRef = A74FDDB61F868D730025AFCF /* SDL2_ttf.framework */; };
		A7B0D5761F892E33000EC425 /* sprite.cpp in Sources */ = {isa = PBXBuildFile; fileRef = A7B0D5711F892E33000EC425 /* sprite.cpp */; };
		A7B0D5771F892E33000EC425 /* player.cpp in Sources */ = {isa = PBXBuildFile; fileRef = A7B0D5741F892E33000EC425 /* player.cpp */; };
		A7B0D57A1F8946E3000EC425 /* input.cpp in Sources */ = {isa = PBXBuildFile; fileRef = A7B0D5781F8946E3000EC425 /* input.cpp */; };
		A7DDD1F41F866EE600D1DEFF /* window.cpp in Sources */ = {isa = PBXBuildFile; fileRef = A7DDD1F21F866EE600D1DEFF /* window.cpp */; };
		A7DE42DE1F82443E009621E9 /* main.cpp in Sources */ = {isa = PBXBuildFile; fileRef = A7DE42DD1F82443E009621E9 /* main.cpp */; };
		A7DE42E61F8244D4009621E9 /* SDL2.framework in Frameworks */ = {isa = PBXBuildFile; fileRef = A7DE42E51F8244D4009621E9 /* SDL2.framework */; };
/* End PBXBuildFile section */

/* Begin PBXCopyFilesBuildPhase section */
		A7DE42D81F82443E009621E9 /* CopyFiles */ = {
			isa = PBXCopyFilesBuildPhase;
			buildActionMask = 2147483647;
			dstPath = /usr/share/man/man1/;
			dstSubfolderSpec = 0;
			files = (
			);
			runOnlyForDeploymentPostprocessing = 1;
		};
/* End PBXCopyFilesBuildPhase section */

/* Begin PBXFileReference section */
		A709ECE51F829CF1002C3027 /* texture.cpp */ = {isa = PBXFileReference; fileEncoding = 4; lastKnownFileType = sourcecode.cpp.cpp; path = texture.cpp; sourceTree = "<group>"; };
		A709ECE61F829CF1002C3027 /* texture.h */ = {isa = PBXFileReference; fileEncoding = 4; lastKnownFileType = sourcecode.c.h; path = texture.h; sourceTree = "<group>"; };
		A74FDDB61F868D730025AFCF /* SDL2_ttf.framework */ = {isa = PBXFileReference; lastKnownFileType = wrapper.framework; name = SDL2_ttf.framework; path = ../../../../Library/Frameworks/SDL2_ttf.framework; sourceTree = "<group>"; };
		A74FDDCE1F8919820025AFCF /* entity.h */ = {isa = PBXFileReference; fileEncoding = 4; lastKnownFileType = sourcecode.c.h; path = entity.h; sourceTree = "<group>"; };
		A7B0D5711F892E33000EC425 /* sprite.cpp */ = {isa = PBXFileReference; fileEncoding = 4; lastKnownFileType = sourcecode.cpp.cpp; path = sprite.cpp; sourceTree = "<group>"; };
		A7B0D5721F892E33000EC425 /* sprite.h */ = {isa = PBXFileReference; fileEncoding = 4; lastKnownFileType = sourcecode.c.h; path = sprite.h; sourceTree = "<group>"; };
		A7B0D5741F892E33000EC425 /* player.cpp */ = {isa = PBXFileReference; fileEncoding = 4; lastKnownFileType = sourcecode.cpp.cpp; path = player.cpp; sourceTree = "<group>"; };
		A7B0D5751F892E33000EC425 /* player.h */ = {isa = PBXFileReference; fileEncoding = 4; lastKnownFileType = sourcecode.c.h; path = player.h; sourceTree = "<group>"; };
		A7B0D5781F8946E3000EC425 /* input.cpp */ = {isa = PBXFileReference; fileEncoding = 4; lastKnownFileType = sourcecode.cpp.cpp; path = input.cpp; sourceTree = "<group>"; };
		A7B0D5791F8946E3000EC425 /* input.h */ = {isa = PBXFileReference; fileEncoding = 4; lastKnownFileType = sourcecode.c.h; path = input.h; sourceTree = "<group>"; };
		A7B0D57B1F8AB0C4000EC425 /* vector.h */ = {isa = PBXFileReference; fileEncoding = 4; lastKnownFileType = sourcecode.c.h; path = vector.h; sourceTree = "<group>"; };
		A7DDD1F21F866EE600D1DEFF /* window.cpp */ = {isa = PBXFileReference; fileEncoding = 4; lastKnownFileType = sourcecode.cpp.cpp; path = window.cpp; sourceTree = "<group>"; };
		A7DDD1F31F866EE600D1DEFF /* window.h */ = {isa = PBXFileReference; fileEncoding = 4; lastKnownFileType = sourcecode.c.h; path = window.h; sourceTree = "<group>"; };
		A7DE42DA1F82443E009621E9 /* sdl-fun */ = {isa = PBXFileReference; explicitFileType = "compiled.mach-o.executable"; includeInIndex = 0; path = "sdl-fun"; sourceTree = BUILT_PRODUCTS_DIR; };
		A7DE42DD1F82443E009621E9 /* main.cpp */ = {isa = PBXFileReference; lastKnownFileType = sourcecode.cpp.cpp; path = main.cpp; sourceTree = "<group>"; };
		A7DE42E51F8244D4009621E9 /* SDL2.framework */ = {isa = PBXFileReference; lastKnownFileType = wrapper.framework; name = SDL2.framework; path = ../../../../Library/Frameworks/SDL2.framework; sourceTree = "<group>"; };
/* End PBXFileReference section */

/* Begin PBXFrameworksBuildPhase section */
		A7DE42D71F82443E009621E9 /* Frameworks */ = {
			isa = PBXFrameworksBuildPhase;
			buildActionMask = 2147483647;
			files = (
				A74FDDB71F868D730025AFCF /* SDL2_ttf.framework in Frameworks */,
				A7DE42E61F8244D4009621E9 /* SDL2.framework in Frameworks */,
			);
			runOnlyForDeploymentPostprocessing = 0;
		};
/* End PBXFrameworksBuildPhase section */

/* Begin PBXGroup section */
		A7B0D5701F892E33000EC425 /* components */ = {
			isa = PBXGroup;
			children = (
				A7B0D5781F8946E3000EC425 /* input.cpp */,
				A7B0D5791F8946E3000EC425 /* input.h */,
				A7B0D5711F892E33000EC425 /* sprite.cpp */,
				A7B0D5721F892E33000EC425 /* sprite.h */,
			);
			path = components;
			sourceTree = "<group>";
		};
		A7B0D5731F892E33000EC425 /* entities */ = {
			isa = PBXGroup;
			children = (
				A7B0D5741F892E33000EC425 /* player.cpp */,
				A7B0D5751F892E33000EC425 /* player.h */,
			);
			path = entities;
			sourceTree = "<group>";
		};
		A7DE42D11F82443E009621E9 = {
			isa = PBXGroup;
			children = (
				A7DE42DC1F82443E009621E9 /* src */,
				A7DE42DB1F82443E009621E9 /* Products */,
				A7DE42E41F8244D4009621E9 /* Frameworks */,
			);
			sourceTree = "<group>";
		};
		A7DE42DB1F82443E009621E9 /* Products */ = {
			isa = PBXGroup;
			children = (
				A7DE42DA1F82443E009621E9 /* sdl-fun */,
			);
			name = Products;
			sourceTree = "<group>";
		};
		A7DE42DC1F82443E009621E9 /* src */ = {
			isa = PBXGroup;
			children = (
				A7B0D5701F892E33000EC425 /* components */,
				A7B0D5731F892E33000EC425 /* entities */,
				A74FDDCE1F8919820025AFCF /* entity.h */,
				A7DE42DD1F82443E009621E9 /* main.cpp */,
				A709ECE51F829CF1002C3027 /* texture.cpp */,
				A709ECE61F829CF1002C3027 /* texture.h */,
				A7B0D57B1F8AB0C4000EC425 /* vector.h */,
				A7DDD1F21F866EE600D1DEFF /* window.cpp */,
				A7DDD1F31F866EE600D1DEFF /* window.h */,
			);
			path = src;
			sourceTree = "<group>";
		};
		A7DE42E41F8244D4009621E9 /* Frameworks */ = {
			isa = PBXGroup;
			children = (
				A74FDDB61F868D730025AFCF /* SDL2_ttf.framework */,
				A7DE42E51F8244D4009621E9 /* SDL2.framework */,
			);
			name = Frameworks;
			sourceTree = "<group>";
		};
/* End PBXGroup section */

/* Begin PBXNativeTarget section */
		A7DE42D91F82443E009621E9 /* sdl-fun */ = {
			isa = PBXNativeTarget;
			buildConfigurationList = A7DE42E11F82443E009621E9 /* Build configuration list for PBXNativeTarget "sdl-fun" */;
			buildPhases = (
				A7DE42D61F82443E009621E9 /* Sources */,
				A7DE42D71F82443E009621E9 /* Frameworks */,
				A7DE42D81F82443E009621E9 /* CopyFiles */,
			);
			buildRules = (
			);
			dependencies = (
			);
			name = "sdl-fun";
			productName = "sdl-fun";
			productReference = A7DE42DA1F82443E009621E9 /* sdl-fun */;
			productType = "com.apple.product-type.tool";
		};
/* End PBXNativeTarget section */

/* Begin PBXProject section */
		A7DE42D21F82443E009621E9 /* Project object */ = {
			isa = PBXProject;
			attributes = {
				LastUpgradeCheck = 0830;
				ORGANIZATIONNAME = Oliver;
				TargetAttributes = {
					A7DE42D91F82443E009621E9 = {
						CreatedOnToolsVersion = 8.3.3;
						ProvisioningStyle = Automatic;
					};
				};
			};
			buildConfigurationList = A7DE42D51F82443E009621E9 /* Build configuration list for PBXProject "sdl-fun" */;
			compatibilityVersion = "Xcode 3.2";
			developmentRegion = English;
			hasScannedForEncodings = 0;
			knownRegions = (
				en,
			);
			mainGroup = A7DE42D11F82443E009621E9;
			productRefGroup = A7DE42DB1F82443E009621E9 /* Products */;
			projectDirPath = "";
			projectRoot = "";
			targets = (
				A7DE42D91F82443E009621E9 /* sdl-fun */,
			);
		};
/* End PBXProject section */

/* Begin PBXSourcesBuildPhase section */
		A7DE42D61F82443E009621E9 /* Sources */ = {
			isa = PBXSourcesBuildPhase;
			buildActionMask = 2147483647;
			files = (
				A7B0D57A1F8946E3000EC425 /* input.cpp in Sources */,
				A7B0D5761F892E33000EC425 /* sprite.cpp in Sources */,
				A7DE42DE1F82443E009621E9 /* main.cpp in Sources */,
				A7DDD1F41F866EE600D1DEFF /* window.cpp in Sources */,
				A709ECE71F829CF1002C3027 /* texture.cpp in Sources */,
				A7B0D5771F892E33000EC425 /* player.cpp in Sources */,
			);
			runOnlyForDeploymentPostprocessing = 0;
		};
/* End PBXSourcesBuildPhase section */

/* Begin XCBuildConfiguration section */
		A7DE42DF1F82443E009621E9 /* Debug */ = {
			isa = XCBuildConfiguration;
			buildSettings = {
				ALWAYS_SEARCH_USER_PATHS = NO;
				CLANG_ANALYZER_NONNULL = YES;
				CLANG_ANALYZER_NUMBER_OBJECT_CONVERSION = YES_AGGRESSIVE;
				CLANG_CXX_LANGUAGE_STANDARD = "gnu++0x";
				CLANG_CXX_LIBRARY = "libc++";
				CLANG_ENABLE_MODULES = YES;
				CLANG_ENABLE_OBJC_ARC = YES;
				CLANG_WARN_BOOL_CONVERSION = YES;
				CLANG_WARN_CONSTANT_CONVERSION = YES;
				CLANG_WARN_DIRECT_OBJC_ISA_USAGE = YES_ERROR;
				CLANG_WARN_DOCUMENTATION_COMMENTS = YES;
				CLANG_WARN_EMPTY_BODY = YES;
				CLANG_WARN_ENUM_CONVERSION = YES;
				CLANG_WARN_INFINITE_RECURSION = YES;
				CLANG_WARN_INT_CONVERSION = YES;
				CLANG_WARN_OBJC_ROOT_CLASS = YES_ERROR;
				CLANG_WARN_SUSPICIOUS_MOVE = YES;
				CLANG_WARN_UNREACHABLE_CODE = YES;
				CLANG_WARN__DUPLICATE_METHOD_MATCH = YES;
				CODE_SIGN_IDENTITY = "-";
				COPY_PHASE_STRIP = NO;
				DEBUG_INFORMATION_FORMAT = dwarf;
				ENABLE_STRICT_OBJC_MSGSEND = YES;
				ENABLE_TESTABILITY = YES;
				GCC_C_LANGUAGE_STANDARD = gnu99;
				GCC_DYNAMIC_NO_PIC = NO;
				GCC_NO_COMMON_BLOCKS = YES;
				GCC_OPTIMIZATION_LEVEL = 0;
				GCC_PREPROCESSOR_DEFINITIONS = (
					"DEBUG=1",
					"$(inherited)",
				);
				GCC_WARN_64_TO_32_BIT_CONVERSION = YES;
				GCC_WARN_ABOUT_RETURN_TYPE = YES_ERROR;
				GCC_WARN_UNDECLARED_SELECTOR = YES;
				GCC_WARN_UNINITIALIZED_AUTOS = YES_AGGRESSIVE;
				GCC_WARN_UNUSED_FUNCTION = YES;
				GCC_WARN_UNUSED_VARIABLE = YES;
				MACOSX_DEPLOYMENT_TARGET = 10.12;
				MTL_ENABLE_DEBUG_INFO = YES;
				ONLY_ACTIVE_ARCH = YES;
				SDKROOT = macosx;
			};
			name = Debug;
		};
		A7DE42E01F82443E009621E9 /* Release */ = {
			isa = XCBuildConfiguration;
			buildSettings = {
				ALWAYS_SEARCH_USER_PATHS = NO;
				CLANG_ANALYZER_NONNULL = YES;
				CLANG_ANALYZER_NUMBER_OBJECT_CONVERSION = YES_AGGRESSIVE;
				CLANG_CXX_LANGUAGE_STANDARD = "gnu++0x";
				CLANG_CXX_LIBRARY = "libc++";
				CLANG_ENABLE_MODULES = YES;
				CLANG_ENABLE_OBJC_ARC = YES;
				CLANG_WARN_BOOL_CONVERSION = YES;
				CLANG_WARN_CONSTANT_CONVERSION = YES;
				CLANG_WARN_DIRECT_OBJC_ISA_USAGE = YES_ERROR;
				CLANG_WARN_DOCUMENTATION_COMMENTS = YES;
				CLANG_WARN_EMPTY_BODY = YES;
				CLANG_WARN_ENUM_CONVERSION = YES;
				CLANG_WARN_INFINITE_RECURSION = YES;
				CLANG_WARN_INT_CONVERSION = YES;
				CLANG_WARN_OBJC_ROOT_CLASS = YES_ERROR;
				CLANG_WARN_SUSPICIOUS_MOVE = YES;
				CLANG_WARN_UNREACHABLE_CODE = YES;
				CLANG_WARN__DUPLICATE_METHOD_MATCH = YES;
				CODE_SIGN_IDENTITY = "-";
				COPY_PHASE_STRIP = NO;
				DEBUG_INFORMATION_FORMAT = "dwarf-with-dsym";
				ENABLE_NS_ASSERTIONS = NO;
				ENABLE_STRICT_OBJC_MSGSEND = YES;
				GCC_C_LANGUAGE_STANDARD = gnu99;
				GCC_NO_COMMON_BLOCKS = YES;
				GCC_WARN_64_TO_32_BIT_CONVERSION = YES;
				GCC_WARN_ABOUT_RETURN_TYPE = YES_ERROR;
				GCC_WARN_UNDECLARED_SELECTOR = YES;
				GCC_WARN_UNINITIALIZED_AUTOS = YES_AGGRESSIVE;
				GCC_WARN_UNUSED_FUNCTION = YES;
				GCC_WARN_UNUSED_VARIABLE = YES;
				MACOSX_DEPLOYMENT_TARGET = 10.12;
				MTL_ENABLE_DEBUG_INFO = NO;
				SDKROOT = macosx;
			};
			name = Release;
		};
		A7DE42E21F82443E009621E9 /* Debug */ = {
			isa = XCBuildConfiguration;
			buildSettings = {
				FRAMEWORK_SEARCH_PATHS = (
					"$(inherited)",
					"$(LOCAL_LIBRARY_DIR)/Frameworks",
				);
				PRODUCT_NAME = "$(TARGET_NAME)";
			};
			name = Debug;
		};
		A7DE42E31F82443E009621E9 /* Release */ = {
			isa = XCBuildConfiguration;
			buildSettings = {
				FRAMEWORK_SEARCH_PATHS = (
					"$(inherited)",
					"$(LOCAL_LIBRARY_DIR)/Frameworks",
				);
				PRODUCT_NAME = "$(TARGET_NAME)";
			};
			name = Release;
		};
/* End XCBuildConfiguration section */

/* Begin XCConfigurationList section */
		A7DE42D51F82443E009621E9 /* Build configuration list for PBXProject "sdl-fun" */ = {
			isa = XCConfigurationList;
			buildConfigurations = (
				A7DE42DF1F82443E009621E9 /* Debug */,
				A7DE42E01F82443E009621E9 /* Release */,
			);
			defaultConfigurationIsVisible = 0;
			defaultConfigurationName = Release;
		};
		A7DE42E11F82443E009621E9 /* Build configuration list for PBXNativeTarget "sdl-fun" */ = {
			isa = XCConfigurationList;
			buildConfigurations = (
				A7DE42E21F82443E009621E9 /* Debug */,
				A7DE42E31F82443E009621E9 /* Release */,
			);
			defaultConfigurationIsVisible = 0;
			defaultConfigurationName = Release;
		};
/* End XCConfigurationList section */
	};
	rootObject = A7DE42D21F82443E009621E9 /* Project object */;
}
